
Microsoft Visual Studio Solution File, Format Version 12.00
# Visual Studio Version 17
VisualStudioVersion = 17.0.31903.59
MinimumVisualStudioVersion = 10.0.40219.1
Project("{FAE04EC0-301F-11D3-BF4B-00C04F79EFBC}") = "ConsoleApp1", "ConsoleApp1\ConsoleApp1.csproj", "{FE061528-4203-47ED-979D-886B00630349}"
EndProject
Project("{2150E333-8FDC-42A3-9474-1A3956D46DE8}") = "AULA_4", "AULA_4", "{B4642BB1-7086-376E-E7CA-032AB4CCE52C}"
EndProject
Project("{FAE04EC0-301F-11D3-BF4B-00C04F79EFBC}") = "Exercicio1lpr", "AULA_4\Exercicio1lpr\Exercicio1lpr.csproj", "{89507484-76A8-4F6D-A9D1-8927BF485742}"
EndProject
Project("{FAE04EC0-301F-11D3-BF4B-00C04F79EFBC}") = "exerciciodois", "exerciciodois\exerciciodois.csproj", "{003F3184-5FBF-43FC-929D-8D37CCC712FA}"
EndProject
Project("{FAE04EC0-301F-11D3-BF4B-00C04F79EFBC}") = "exercicio2", "exercicio2\exercicio2.csproj", "{D2B191EA-9AB7-4BC0-B08F-EE3FE6D70167}"
EndProject
Project("{FAE04EC0-301F-11D3-BF4B-00C04F79EFBC}") = "exercicio2", "AULA_4\exercicio2\exercicio2.csproj", "{87CE737F-31B3-405B-8754-6C2E5D56DD11}"
EndProject
Project("{FAE04EC0-301F-11D3-BF4B-00C04F79EFBC}") = "exercicio1", "exercicio1\exercicio1.csproj", "{BEB46E05-E4DA-47A3-8DDF-324869045D3C}"
EndProject
Project("{2150E333-8FDC-42A3-9474-1A3956D46DE8}") = "AULA_5", "AULA_5", "{7E20FC40-3A7A-D5DA-68CA-C28858593353}"
EndProject
Project("{FAE04EC0-301F-11D3-BF4B-00C04F79EFBC}") = "exercicio2", "AULA_5\exercicio2\exercicio2.csproj", "{31CFEAD5-2D09-4A5A-AFD8-1F4B2FAD7679}"
EndProject
Global
	GlobalSection(SolutionConfigurationPlatforms) = preSolution
		Debug|Any CPU = Debug|Any CPU
		Debug|x64 = Debug|x64
		Debug|x86 = Debug|x86
		Release|Any CPU = Release|Any CPU
		Release|x64 = Release|x64
		Release|x86 = Release|x86
	EndGlobalSection
	GlobalSection(ProjectConfigurationPlatforms) = postSolution
		{FE061528-4203-47ED-979D-886B00630349}.Debug|Any CPU.ActiveCfg = Debug|Any CPU
		{FE061528-4203-47ED-979D-886B00630349}.Debug|Any CPU.Build.0 = Debug|Any CPU
		{FE061528-4203-47ED-979D-886B00630349}.Debug|x64.ActiveCfg = Debug|Any CPU
		{FE061528-4203-47ED-979D-886B00630349}.Debug|x64.Build.0 = Debug|Any CPU
		{FE061528-4203-47ED-979D-886B00630349}.Debug|x86.ActiveCfg = Debug|Any CPU
		{FE061528-4203-47ED-979D-886B00630349}.Debug|x86.Build.0 = Debug|Any CPU
		{FE061528-4203-47ED-979D-886B00630349}.Release|Any CPU.ActiveCfg = Release|Any CPU
		{FE061528-4203-47ED-979D-886B00630349}.Release|Any CPU.Build.0 = Release|Any CPU
		{FE061528-4203-47ED-979D-886B00630349}.Release|x64.ActiveCfg = Release|Any CPU
		{FE061528-4203-47ED-979D-886B00630349}.Release|x64.Build.0 = Release|Any CPU
		{FE061528-4203-47ED-979D-886B00630349}.Release|x86.ActiveCfg = Release|Any CPU
		{FE061528-4203-47ED-979D-886B00630349}.Release|x86.Build.0 = Release|Any CPU
		{89507484-76A8-4F6D-A9D1-8927BF485742}.Debug|Any CPU.ActiveCfg = Debug|Any CPU
		{89507484-76A8-4F6D-A9D1-8927BF485742}.Debug|Any CPU.Build.0 = Debug|Any CPU
		{89507484-76A8-4F6D-A9D1-8927BF485742}.Debug|x64.ActiveCfg = Debug|Any CPU
		{89507484-76A8-4F6D-A9D1-8927BF485742}.Debug|x64.Build.0 = Debug|Any CPU
		{89507484-76A8-4F6D-A9D1-8927BF485742}.Debug|x86.ActiveCfg = Debug|Any CPU
		{89507484-76A8-4F6D-A9D1-8927BF485742}.Debug|x86.Build.0 = Debug|Any CPU
		{89507484-76A8-4F6D-A9D1-8927BF485742}.Release|Any CPU.ActiveCfg = Release|Any CPU
		{89507484-76A8-4F6D-A9D1-8927BF485742}.Release|Any CPU.Build.0 = Release|Any CPU
		{89507484-76A8-4F6D-A9D1-8927BF485742}.Release|x64.ActiveCfg = Release|Any CPU
		{89507484-76A8-4F6D-A9D1-8927BF485742}.Release|x64.Build.0 = Release|Any CPU
		{89507484-76A8-4F6D-A9D1-8927BF485742}.Release|x86.ActiveCfg = Release|Any CPU
		{89507484-76A8-4F6D-A9D1-8927BF485742}.Release|x86.Build.0 = Release|Any CPU
		{003F3184-5FBF-43FC-929D-8D37CCC712FA}.Debug|Any CPU.ActiveCfg = Debug|Any CPU
		{003F3184-5FBF-43FC-929D-8D37CCC712FA}.Debug|Any CPU.Build.0 = Debug|Any CPU
		{003F3184-5FBF-43FC-929D-8D37CCC712FA}.Debug|x64.ActiveCfg = Debug|Any CPU
		{003F3184-5FBF-43FC-929D-8D37CCC712FA}.Debug|x64.Build.0 = Debug|Any CPU
		{003F3184-5FBF-43FC-929D-8D37CCC712FA}.Debug|x86.ActiveCfg = Debug|Any CPU
		{003F3184-5FBF-43FC-929D-8D37CCC712FA}.Debug|x86.Build.0 = Debug|Any CPU
		{003F3184-5FBF-43FC-929D-8D37CCC712FA}.Release|Any CPU.ActiveCfg = Release|Any CPU
		{003F3184-5FBF-43FC-929D-8D37CCC712FA}.Release|Any CPU.Build.0 = Release|Any CPU
		{003F3184-5FBF-43FC-929D-8D37CCC712FA}.Release|x64.ActiveCfg = Release|Any CPU
		{003F3184-5FBF-43FC-929D-8D37CCC712FA}.Release|x64.Build.0 = Release|Any CPU
		{003F3184-5FBF-43FC-929D-8D37CCC712FA}.Release|x86.ActiveCfg = Release|Any CPU
		{003F3184-5FBF-43FC-929D-8D37CCC712FA}.Release|x86.Build.0 = Release|Any CPU
		{D2B191EA-9AB7-4BC0-B08F-EE3FE6D70167}.Debug|Any CPU.ActiveCfg = Debug|Any CPU
		{D2B191EA-9AB7-4BC0-B08F-EE3FE6D70167}.Debug|Any CPU.Build.0 = Debug|Any CPU
		{D2B191EA-9AB7-4BC0-B08F-EE3FE6D70167}.Debug|x64.ActiveCfg = Debug|Any CPU
		{D2B191EA-9AB7-4BC0-B08F-EE3FE6D70167}.Debug|x64.Build.0 = Debug|Any CPU
		{D2B191EA-9AB7-4BC0-B08F-EE3FE6D70167}.Debug|x86.ActiveCfg = Debug|Any CPU
		{D2B191EA-9AB7-4BC0-B08F-EE3FE6D70167}.Debug|x86.Build.0 = Debug|Any CPU
		{D2B191EA-9AB7-4BC0-B08F-EE3FE6D70167}.Release|Any CPU.ActiveCfg = Release|Any CPU
		{D2B191EA-9AB7-4BC0-B08F-EE3FE6D70167}.Release|Any CPU.Build.0 = Release|Any CPU
		{D2B191EA-9AB7-4BC0-B08F-EE3FE6D70167}.Release|x64.ActiveCfg = Release|Any CPU
		{D2B191EA-9AB7-4BC0-B08F-EE3FE6D70167}.Release|x64.Build.0 = Release|Any CPU
		{D2B191EA-9AB7-4BC0-B08F-EE3FE6D70167}.Release|x86.ActiveCfg = Release|Any CPU
		{D2B191EA-9AB7-4BC0-B08F-EE3FE6D70167}.Release|x86.Build.0 = Release|Any CPU
		{87CE737F-31B3-405B-8754-6C2E5D56DD11}.Debug|Any CPU.ActiveCfg = Debug|Any CPU
		{87CE737F-31B3-405B-8754-6C2E5D56DD11}.Debug|Any CPU.Build.0 = Debug|Any CPU
		{87CE737F-31B3-405B-8754-6C2E5D56DD11}.Debug|x64.ActiveCfg = Debug|Any CPU
		{87CE737F-31B3-405B-8754-6C2E5D56DD11}.Debug|x64.Build.0 = Debug|Any CPU
		{87CE737F-31B3-405B-8754-6C2E5D56DD11}.Debug|x86.ActiveCfg = Debug|Any CPU
		{87CE737F-31B3-405B-8754-6C2E5D56DD11}.Debug|x86.Build.0 = Debug|Any CPU
		{87CE737F-31B3-405B-8754-6C2E5D56DD11}.Release|Any CPU.ActiveCfg = Release|Any CPU
		{87CE737F-31B3-405B-8754-6C2E5D56DD11}.Release|Any CPU.Build.0 = Release|Any CPU
		{87CE737F-31B3-405B-8754-6C2E5D56DD11}.Release|x64.ActiveCfg = Release|Any CPU
		{87CE737F-31B3-405B-8754-6C2E5D56DD11}.Release|x64.Build.0 = Release|Any CPU
		{87CE737F-31B3-405B-8754-6C2E5D56DD11}.Release|x86.ActiveCfg = Release|Any CPU
		{87CE737F-31B3-405B-8754-6C2E5D56DD11}.Release|x86.Build.0 = Release|Any CPU
		{BEB46E05-E4DA-47A3-8DDF-324869045D3C}.Debug|Any CPU.ActiveCfg = Debug|Any CPU
		{BEB46E05-E4DA-47A3-8DDF-324869045D3C}.Debug|Any CPU.Build.0 = Debug|Any CPU
		{BEB46E05-E4DA-47A3-8DDF-324869045D3C}.Debug|x64.ActiveCfg = Debug|Any CPU
		{BEB46E05-E4DA-47A3-8DDF-324869045D3C}.Debug|x64.Build.0 = Debug|Any CPU
		{BEB46E05-E4DA-47A3-8DDF-324869045D3C}.Debug|x86.ActiveCfg = Debug|Any CPU
		{BEB46E05-E4DA-47A3-8DDF-324869045D3C}.Debug|x86.Build.0 = Debug|Any CPU
		{BEB46E05-E4DA-47A3-8DDF-324869045D3C}.Release|Any CPU.ActiveCfg = Release|Any CPU
		{BEB46E05-E4DA-47A3-8DDF-324869045D3C}.Release|Any CPU.Build.0 = Release|Any CPU
		{BEB46E05-E4DA-47A3-8DDF-324869045D3C}.Release|x64.ActiveCfg = Release|Any CPU
		{BEB46E05-E4DA-47A3-8DDF-324869045D3C}.Release|x64.Build.0 = Release|Any CPU
		{BEB46E05-E4DA-47A3-8DDF-324869045D3C}.Release|x86.ActiveCfg = Release|Any CPU
		{BEB46E05-E4DA-47A3-8DDF-324869045D3C}.Release|x86.Build.0 = Release|Any CPU
		{31CFEAD5-2D09-4A5A-AFD8-1F4B2FAD7679}.Debug|Any CPU.ActiveCfg = Debug|Any CPU
		{31CFEAD5-2D09-4A5A-AFD8-1F4B2FAD7679}.Debug|Any CPU.Build.0 = Debug|Any CPU
		{31CFEAD5-2D09-4A5A-AFD8-1F4B2FAD7679}.Debug|x64.ActiveCfg = Debug|Any CPU
		{31CFEAD5-2D09-4A5A-AFD8-1F4B2FAD7679}.Debug|x64.Build.0 = Debug|Any CPU
		{31CFEAD5-2D09-4A5A-AFD8-1F4B2FAD7679}.Debug|x86.ActiveCfg = Debug|Any CPU
		{31CFEAD5-2D09-4A5A-AFD8-1F4B2FAD7679}.Debug|x86.Build.0 = Debug|Any CPU
		{31CFEAD5-2D09-4A5A-AFD8-1F4B2FAD7679}.Release|Any CPU.ActiveCfg = Release|Any CPU
		{31CFEAD5-2D09-4A5A-AFD8-1F4B2FAD7679}.Release|Any CPU.Build.0 = Release|Any CPU
		{31CFEAD5-2D09-4A5A-AFD8-1F4B2FAD7679}.Release|x64.ActiveCfg = Release|Any CPU
		{31CFEAD5-2D09-4A5A-AFD8-1F4B2FAD7679}.Release|x64.Build.0 = Release|Any CPU
		{31CFEAD5-2D09-4A5A-AFD8-1F4B2FAD7679}.Release|x86.ActiveCfg = Release|Any CPU
		{31CFEAD5-2D09-4A5A-AFD8-1F4B2FAD7679}.Release|x86.Build.0 = Release|Any CPU
	EndGlobalSection
	GlobalSection(SolutionProperties) = preSolution
		HideSolutionNode = FALSE
	EndGlobalSection
	GlobalSection(NestedProjects) = preSolution
		{89507484-76A8-4F6D-A9D1-8927BF485742} = {B4642BB1-7086-376E-E7CA-032AB4CCE52C}
		{87CE737F-31B3-405B-8754-6C2E5D56DD11} = {B4642BB1-7086-376E-E7CA-032AB4CCE52C}
		{31CFEAD5-2D09-4A5A-AFD8-1F4B2FAD7679} = {7E20FC40-3A7A-D5DA-68CA-C28858593353}
	EndGlobalSection
EndGlobal
